
Microsoft Visual Studio Solution File, Format Version 12.00
# Visual Studio Version 16
VisualStudioVersion = 16.0.30709.64
MinimumVisualStudioVersion = 10.0.40219.1
Project("{8BC9CEB8-8B4A-11D0-8D11-00A0C91BC942}") = "Zadatak1", "Zadatak1\Zadatak1.vcxproj", "{E0ED0125-8E6D-4C8A-B3DA-F53B6CB2D2FF}"
EndProject
Project("{8BC9CEB8-8B4A-11D0-8D11-00A0C91BC942}") = "Zadatak1.Demo", "Zadatak1.Demo\Zadatak1.Demo.vcxproj", "{D670BC0D-B36D-4CCF-B30C-44A37A211E10}"
EndProject
Project("{8BC9CEB8-8B4A-11D0-8D11-00A0C91BC942}") = "Zadatak2", "Zadatak2\Zadatak2.vcxproj", "{99FEC46E-8833-449E-BFED-1162A0BE328F}"
EndProject
Project("{8BC9CEB8-8B4A-11D0-8D11-00A0C91BC942}") = "Zadatak2.Demo", "Zadatak2.Demo\Zadatak2.Demo.vcxproj", "{C1A58FDB-A487-4877-9213-89C6A0C621D2}"
EndProject
Project("{8BC9CEB8-8B4A-11D0-8D11-00A0C91BC942}") = "Zadatak3", "Zadatak3\Zadatak3.vcxproj", "{6E4D44DB-60A5-4680-8FD9-7E30F612775B}"
EndProject
Project("{8BC9CEB8-8B4A-11D0-8D11-00A0C91BC942}") = "Zadatak3.Demo", "Zadatak3.Demo\Zadatak3.Demo.vcxproj", "{025D4E79-5C82-4ABB-B563-B390B3EA37A1}"
EndProject
Project("{8BC9CEB8-8B4A-11D0-8D11-00A0C91BC942}") = "Zadatak4", "Zadatak4\Zadatak4.vcxproj", "{D59BE2A6-A045-48BF-A6E5-B463088FEAEC}"
EndProject
Project("{8BC9CEB8-8B4A-11D0-8D11-00A0C91BC942}") = "Zadatak4.Demo", "Zadatak4.Demo\Zadatak4.Demo.vcxproj", "{FEF8294D-5CFD-45C7-B002-F331D4E5AB07}"
EndProject
Project("{8BC9CEB8-8B4A-11D0-8D11-00A0C91BC942}") = "Zadatak5", "Zadatak5\Zadatak5.vcxproj", "{ADEAE946-E762-476F-BAA1-4B2FBC0081F6}"
EndProject
Project("{8BC9CEB8-8B4A-11D0-8D11-00A0C91BC942}") = "Zadatak5.Demo", "Zadatak5.Demo\Zadatak5.Demo.vcxproj", "{6EBFF6CB-26BB-41A6-9198-660B752705AF}"
EndProject
Project("{8BC9CEB8-8B4A-11D0-8D11-00A0C91BC942}") = "Zadatak6.Demo", "Zadatak6.Demo\Zadatak6.Demo.vcxproj", "{18D1F704-4359-4D0F-806D-2EA6574C553E}"
EndProject
Project("{8BC9CEB8-8B4A-11D0-8D11-00A0C91BC942}") = "Zadatak6", "Zadatak6\Zadatak6.vcxproj", "{2A6B39F3-B75B-4A09-945E-7877F8CFE993}"
EndProject
Global
	GlobalSection(SolutionConfigurationPlatforms) = preSolution
		Debug|x64 = Debug|x64
		Debug|x86 = Debug|x86
		Release|x64 = Release|x64
		Release|x86 = Release|x86
	EndGlobalSection
	GlobalSection(ProjectConfigurationPlatforms) = postSolution
		{E0ED0125-8E6D-4C8A-B3DA-F53B6CB2D2FF}.Debug|x64.ActiveCfg = Debug|x64
		{E0ED0125-8E6D-4C8A-B3DA-F53B6CB2D2FF}.Debug|x64.Build.0 = Debug|x64
		{E0ED0125-8E6D-4C8A-B3DA-F53B6CB2D2FF}.Debug|x86.ActiveCfg = Debug|Win32
		{E0ED0125-8E6D-4C8A-B3DA-F53B6CB2D2FF}.Debug|x86.Build.0 = Debug|Win32
		{E0ED0125-8E6D-4C8A-B3DA-F53B6CB2D2FF}.Release|x64.ActiveCfg = Release|x64
		{E0ED0125-8E6D-4C8A-B3DA-F53B6CB2D2FF}.Release|x64.Build.0 = Release|x64
		{E0ED0125-8E6D-4C8A-B3DA-F53B6CB2D2FF}.Release|x86.ActiveCfg = Release|Win32
		{E0ED0125-8E6D-4C8A-B3DA-F53B6CB2D2FF}.Release|x86.Build.0 = Release|Win32
		{D670BC0D-B36D-4CCF-B30C-44A37A211E10}.Debug|x64.ActiveCfg = Debug|x64
		{D670BC0D-B36D-4CCF-B30C-44A37A211E10}.Debug|x64.Build.0 = Debug|x64
		{D670BC0D-B36D-4CCF-B30C-44A37A211E10}.Debug|x86.ActiveCfg = Debug|Win32
		{D670BC0D-B36D-4CCF-B30C-44A37A211E10}.Debug|x86.Build.0 = Debug|Win32
		{D670BC0D-B36D-4CCF-B30C-44A37A211E10}.Release|x64.ActiveCfg = Release|x64
		{D670BC0D-B36D-4CCF-B30C-44A37A211E10}.Release|x64.Build.0 = Release|x64
		{D670BC0D-B36D-4CCF-B30C-44A37A211E10}.Release|x86.ActiveCfg = Release|Win32
		{D670BC0D-B36D-4CCF-B30C-44A37A211E10}.Release|x86.Build.0 = Release|Win32
		{99FEC46E-8833-449E-BFED-1162A0BE328F}.Debug|x64.ActiveCfg = Debug|x64
		{99FEC46E-8833-449E-BFED-1162A0BE328F}.Debug|x64.Build.0 = Debug|x64
		{99FEC46E-8833-449E-BFED-1162A0BE328F}.Debug|x86.ActiveCfg = Debug|Win32
		{99FEC46E-8833-449E-BFED-1162A0BE328F}.Debug|x86.Build.0 = Debug|Win32
		{99FEC46E-8833-449E-BFED-1162A0BE328F}.Release|x64.ActiveCfg = Release|x64
		{99FEC46E-8833-449E-BFED-1162A0BE328F}.Release|x64.Build.0 = Release|x64
		{99FEC46E-8833-449E-BFED-1162A0BE328F}.Release|x86.ActiveCfg = Release|Win32
		{99FEC46E-8833-449E-BFED-1162A0BE328F}.Release|x86.Build.0 = Release|Win32
		{C1A58FDB-A487-4877-9213-89C6A0C621D2}.Debug|x64.ActiveCfg = Debug|x64
		{C1A58FDB-A487-4877-9213-89C6A0C621D2}.Debug|x64.Build.0 = Debug|x64
		{C1A58FDB-A487-4877-9213-89C6A0C621D2}.Debug|x86.ActiveCfg = Debug|Win32
		{C1A58FDB-A487-4877-9213-89C6A0C621D2}.Debug|x86.Build.0 = Debug|Win32
		{C1A58FDB-A487-4877-9213-89C6A0C621D2}.Release|x64.ActiveCfg = Release|x64
		{C1A58FDB-A487-4877-9213-89C6A0C621D2}.Release|x64.Build.0 = Release|x64
		{C1A58FDB-A487-4877-9213-89C6A0C621D2}.Release|x86.ActiveCfg = Release|Win32
		{C1A58FDB-A487-4877-9213-89C6A0C621D2}.Release|x86.Build.0 = Release|Win32
		{6E4D44DB-60A5-4680-8FD9-7E30F612775B}.Debug|x64.ActiveCfg = Debug|x64
		{6E4D44DB-60A5-4680-8FD9-7E30F612775B}.Debug|x64.Build.0 = Debug|x64
		{6E4D44DB-60A5-4680-8FD9-7E30F612775B}.Debug|x86.ActiveCfg = Debug|Win32
		{6E4D44DB-60A5-4680-8FD9-7E30F612775B}.Debug|x86.Build.0 = Debug|Win32
		{6E4D44DB-60A5-4680-8FD9-7E30F612775B}.Release|x64.ActiveCfg = Release|x64
		{6E4D44DB-60A5-4680-8FD9-7E30F612775B}.Release|x64.Build.0 = Release|x64
		{6E4D44DB-60A5-4680-8FD9-7E30F612775B}.Release|x86.ActiveCfg = Release|Win32
		{6E4D44DB-60A5-4680-8FD9-7E30F612775B}.Release|x86.Build.0 = Release|Win32
		{025D4E79-5C82-4ABB-B563-B390B3EA37A1}.Debug|x64.ActiveCfg = Debug|x64
		{025D4E79-5C82-4ABB-B563-B390B3EA37A1}.Debug|x64.Build.0 = Debug|x64
		{025D4E79-5C82-4ABB-B563-B390B3EA37A1}.Debug|x86.ActiveCfg = Debug|Win32
		{025D4E79-5C82-4ABB-B563-B390B3EA37A1}.Debug|x86.Build.0 = Debug|Win32
		{025D4E79-5C82-4ABB-B563-B390B3EA37A1}.Release|x64.ActiveCfg = Release|x64
		{025D4E79-5C82-4ABB-B563-B390B3EA37A1}.Release|x64.Build.0 = Release|x64
		{025D4E79-5C82-4ABB-B563-B390B3EA37A1}.Release|x86.ActiveCfg = Release|Win32
		{025D4E79-5C82-4ABB-B563-B390B3EA37A1}.Release|x86.Build.0 = Release|Win32
		{D59BE2A6-A045-48BF-A6E5-B463088FEAEC}.Debug|x64.ActiveCfg = Debug|x64
		{D59BE2A6-A045-48BF-A6E5-B463088FEAEC}.Debug|x64.Build.0 = Debug|x64
		{D59BE2A6-A045-48BF-A6E5-B463088FEAEC}.Debug|x86.ActiveCfg = Debug|Win32
		{D59BE2A6-A045-48BF-A6E5-B463088FEAEC}.Debug|x86.Build.0 = Debug|Win32
		{D59BE2A6-A045-48BF-A6E5-B463088FEAEC}.Release|x64.ActiveCfg = Release|x64
		{D59BE2A6-A045-48BF-A6E5-B463088FEAEC}.Release|x64.Build.0 = Release|x64
		{D59BE2A6-A045-48BF-A6E5-B463088FEAEC}.Release|x86.ActiveCfg = Release|Win32
		{D59BE2A6-A045-48BF-A6E5-B463088FEAEC}.Release|x86.Build.0 = Release|Win32
		{FEF8294D-5CFD-45C7-B002-F331D4E5AB07}.Debug|x64.ActiveCfg = Debug|x64
		{FEF8294D-5CFD-45C7-B002-F331D4E5AB07}.Debug|x64.Build.0 = Debug|x64
		{FEF8294D-5CFD-45C7-B002-F331D4E5AB07}.Debug|x86.ActiveCfg = Debug|Win32
		{FEF8294D-5CFD-45C7-B002-F331D4E5AB07}.Debug|x86.Build.0 = Debug|Win32
		{FEF8294D-5CFD-45C7-B002-F331D4E5AB07}.Release|x64.ActiveCfg = Release|x64
		{FEF8294D-5CFD-45C7-B002-F331D4E5AB07}.Release|x64.Build.0 = Release|x64
		{FEF8294D-5CFD-45C7-B002-F331D4E5AB07}.Release|x86.ActiveCfg = Release|Win32
		{FEF8294D-5CFD-45C7-B002-F331D4E5AB07}.Release|x86.Build.0 = Release|Win32
		{ADEAE946-E762-476F-BAA1-4B2FBC0081F6}.Debug|x64.ActiveCfg = Debug|x64
		{ADEAE946-E762-476F-BAA1-4B2FBC0081F6}.Debug|x64.Build.0 = Debug|x64
		{ADEAE946-E762-476F-BAA1-4B2FBC0081F6}.Debug|x86.ActiveCfg = Debug|Win32
		{ADEAE946-E762-476F-BAA1-4B2FBC0081F6}.Debug|x86.Build.0 = Debug|Win32
		{ADEAE946-E762-476F-BAA1-4B2FBC0081F6}.Release|x64.ActiveCfg = Release|x64
		{ADEAE946-E762-476F-BAA1-4B2FBC0081F6}.Release|x64.Build.0 = Release|x64
		{ADEAE946-E762-476F-BAA1-4B2FBC0081F6}.Release|x86.ActiveCfg = Release|Win32
		{ADEAE946-E762-476F-BAA1-4B2FBC0081F6}.Release|x86.Build.0 = Release|Win32
		{6EBFF6CB-26BB-41A6-9198-660B752705AF}.Debug|x64.ActiveCfg = Debug|x64
		{6EBFF6CB-26BB-41A6-9198-660B752705AF}.Debug|x64.Build.0 = Debug|x64
		{6EBFF6CB-26BB-41A6-9198-660B752705AF}.Debug|x86.ActiveCfg = Debug|Win32
		{6EBFF6CB-26BB-41A6-9198-660B752705AF}.Debug|x86.Build.0 = Debug|Win32
		{6EBFF6CB-26BB-41A6-9198-660B752705AF}.Release|x64.ActiveCfg = Release|x64
		{6EBFF6CB-26BB-41A6-9198-660B752705AF}.Release|x64.Build.0 = Release|x64
		{6EBFF6CB-26BB-41A6-9198-660B752705AF}.Release|x86.ActiveCfg = Release|Win32
		{6EBFF6CB-26BB-41A6-9198-660B752705AF}.Release|x86.Build.0 = Release|Win32
		{18D1F704-4359-4D0F-806D-2EA6574C553E}.Debug|x64.ActiveCfg = Debug|x64
		{18D1F704-4359-4D0F-806D-2EA6574C553E}.Debug|x64.Build.0 = Debug|x64
		{18D1F704-4359-4D0F-806D-2EA6574C553E}.Debug|x86.ActiveCfg = Debug|Win32
		{18D1F704-4359-4D0F-806D-2EA6574C553E}.Debug|x86.Build.0 = Debug|Win32
		{18D1F704-4359-4D0F-806D-2EA6574C553E}.Release|x64.ActiveCfg = Release|x64
		{18D1F704-4359-4D0F-806D-2EA6574C553E}.Release|x64.Build.0 = Release|x64
		{18D1F704-4359-4D0F-806D-2EA6574C553E}.Release|x86.ActiveCfg = Release|Win32
		{18D1F704-4359-4D0F-806D-2EA6574C553E}.Release|x86.Build.0 = Release|Win32
		{2A6B39F3-B75B-4A09-945E-7877F8CFE993}.Debug|x64.ActiveCfg = Debug|x64
		{2A6B39F3-B75B-4A09-945E-7877F8CFE993}.Debug|x64.Build.0 = Debug|x64
		{2A6B39F3-B75B-4A09-945E-7877F8CFE993}.Debug|x86.ActiveCfg = Debug|Win32
		{2A6B39F3-B75B-4A09-945E-7877F8CFE993}.Debug|x86.Build.0 = Debug|Win32
		{2A6B39F3-B75B-4A09-945E-7877F8CFE993}.Release|x64.ActiveCfg = Release|x64
		{2A6B39F3-B75B-4A09-945E-7877F8CFE993}.Release|x64.Build.0 = Release|x64
		{2A6B39F3-B75B-4A09-945E-7877F8CFE993}.Release|x86.ActiveCfg = Release|Win32
		{2A6B39F3-B75B-4A09-945E-7877F8CFE993}.Release|x86.Build.0 = Release|Win32
	EndGlobalSection
	GlobalSection(SolutionProperties) = preSolution
		HideSolutionNode = FALSE
	EndGlobalSection
	GlobalSection(ExtensibilityGlobals) = postSolution
		SolutionGuid = {B2097E10-2469-4A4D-A8D6-FFB3FF125EBC}
	EndGlobalSection
EndGlobal
